
Microsoft Visual Studio Solution File, Format Version 12.00
# Visual Studio Version 17
VisualStudioVersion = 17.0.32014.148
MinimumVisualStudioVersion = 10.0.40219.1
Project("{FAE04EC0-301F-11D3-BF4B-00C04F79EFBC}") = "5", "5\5.csproj", "{D46799FD-4EEE-4012-941B-62445D55C56E}"
EndProject
Project("{FAE04EC0-301F-11D3-BF4B-00C04F79EFBC}") = "2", "2\2.csproj", "{51F00DF8-1005-45F1-9E65-6296E7A7CA98}"
EndProject
Project("{FAE04EC0-301F-11D3-BF4B-00C04F79EFBC}") = "1", "1\1.csproj", "{B7E4A521-E71F-417B-BA38-232BA20B17A7}"
EndProject
Global
	GlobalSection(SolutionConfigurationPlatforms) = preSolution
		Debug|Any CPU = Debug|Any CPU
		Release|Any CPU = Release|Any CPU
	EndGlobalSection
	GlobalSection(ProjectConfigurationPlatforms) = postSolution
		{D46799FD-4EEE-4012-941B-62445D55C56E}.Debug|Any CPU.ActiveCfg = Debug|Any CPU
		{D46799FD-4EEE-4012-941B-62445D55C56E}.Debug|Any CPU.Build.0 = Debug|Any CPU
		{D46799FD-4EEE-4012-941B-62445D55C56E}.Release|Any CPU.ActiveCfg = Release|Any CPU
		{D46799FD-4EEE-4012-941B-62445D55C56E}.Release|Any CPU.Build.0 = Release|Any CPU
		{51F00DF8-1005-45F1-9E65-6296E7A7CA98}.Debug|Any CPU.ActiveCfg = Debug|Any CPU
		{51F00DF8-1005-45F1-9E65-6296E7A7CA98}.Debug|Any CPU.Build.0 = Debug|Any CPU
		{51F00DF8-1005-45F1-9E65-6296E7A7CA98}.Release|Any CPU.ActiveCfg = Release|Any CPU
		{51F00DF8-1005-45F1-9E65-6296E7A7CA98}.Release|Any CPU.Build.0 = Release|Any CPU
		{B7E4A521-E71F-417B-BA38-232BA20B17A7}.Debug|Any CPU.ActiveCfg = Debug|Any CPU
		{B7E4A521-E71F-417B-BA38-232BA20B17A7}.Debug|Any CPU.Build.0 = Debug|Any CPU
		{B7E4A521-E71F-417B-BA38-232BA20B17A7}.Release|Any CPU.ActiveCfg = Release|Any CPU
		{B7E4A521-E71F-417B-BA38-232BA20B17A7}.Release|Any CPU.Build.0 = Release|Any CPU
	EndGlobalSection
	GlobalSection(SolutionProperties) = preSolution
		HideSolutionNode = FALSE
	EndGlobalSection
	GlobalSection(ExtensibilityGlobals) = postSolution
		SolutionGuid = {ABF30622-C0FE-4332-B8CD-FBCE10144935}
	EndGlobalSection
EndGlobal
